
Microsoft Visual Studio Solution File, Format Version 12.00
# Visual Studio 15
VisualStudioVersion = 15.0.28307.645
MinimumVisualStudioVersion = 10.0.40219.1
Project("{FAE04EC0-301F-11D3-BF4B-00C04F79EFBC}") = "UserAPI", "UserAPI\UserAPI.csproj", "{F892F3B1-ADAF-4383-87AC-A7FC560561C3}"
EndProject
Global
	GlobalSection(SolutionConfigurationPlatforms) = preSolution
		Debug|Any CPU = Debug|Any CPU
		Release|Any CPU = Release|Any CPU
	EndGlobalSection
	GlobalSection(ProjectConfigurationPlatforms) = postSolution
		{F892F3B1-ADAF-4383-87AC-A7FC560561C3}.Debug|Any CPU.ActiveCfg = Debug|Any CPU
		{F892F3B1-ADAF-4383-87AC-A7FC560561C3}.Debug|Any CPU.Build.0 = Debug|Any CPU
		{F892F3B1-ADAF-4383-87AC-A7FC560561C3}.Release|Any CPU.ActiveCfg = Release|Any CPU
		{F892F3B1-ADAF-4383-87AC-A7FC560561C3}.Release|Any CPU.Build.0 = Release|Any CPU
	EndGlobalSection
	GlobalSection(SolutionProperties) = preSolution
		HideSolutionNode = FALSE
	EndGlobalSection
	GlobalSection(ExtensibilityGlobals) = postSolution
		SolutionGuid = {13C58B80-E712-4756-9F22-49B27C5F3309}
	EndGlobalSection
EndGlobal
